[root]
name = "fluentd_filter"
version = "0.0.1"
dependencies = [
 "msgpack 0.0.1 (git+https://github.com/rail44/rust-msgpack.git#d52ff679eccb4cea959c6aa19bd4646477a804de)",
]

[[package]]
name = "msgpack"
version = "0.0.1"
source = "git+https://github.com/rail44/rust-msgpack.git#d52ff679eccb4cea959c6aa19bd4646477a804de"

